
Microsoft Visual Studio Solution File, Format Version 12.00
# Visual Studio 15
VisualStudioVersion = 15.0.27703.2035
MinimumVisualStudioVersion = 10.0.40219.1
Project("{FAE04EC0-301F-11D3-BF4B-00C04F79EFBC}") = "ProjectOnlineQuiz_Web_v1", "ProjectOnlineQuiz_Web_v1\ProjectOnlineQuiz_Web_v1.csproj", "{127C6977-34A6-4F42-B8DA-EF708CC40409}"
EndProject
Project("{FAE04EC0-301F-11D3-BF4B-00C04F79EFBC}") = "ModelDAO", "ModelDAO\ModelDAO.csproj", "{46E1DA0C-DB04-4EA8-912F-1D57EF3DFC8B}"
EndProject
Global
	GlobalSection(SolutionConfigurationPlatforms) = preSolution
		Debug|Any CPU = Debug|Any CPU
		Release|Any CPU = Release|Any CPU
	EndGlobalSection
	GlobalSection(ProjectConfigurationPlatforms) = postSolution
		{127C6977-34A6-4F42-B8DA-EF708CC40409}.Debug|Any CPU.ActiveCfg = Debug|Any CPU
		{127C6977-34A6-4F42-B8DA-EF708CC40409}.Debug|Any CPU.Build.0 = Debug|Any CPU
		{127C6977-34A6-4F42-B8DA-EF708CC40409}.Release|Any CPU.ActiveCfg = Release|Any CPU
		{127C6977-34A6-4F42-B8DA-EF708CC40409}.Release|Any CPU.Build.0 = Release|Any CPU
		{46E1DA0C-DB04-4EA8-912F-1D57EF3DFC8B}.Debug|Any CPU.ActiveCfg = Debug|Any CPU
		{46E1DA0C-DB04-4EA8-912F-1D57EF3DFC8B}.Debug|Any CPU.Build.0 = Debug|Any CPU
		{46E1DA0C-DB04-4EA8-912F-1D57EF3DFC8B}.Release|Any CPU.ActiveCfg = Release|Any CPU
		{46E1DA0C-DB04-4EA8-912F-1D57EF3DFC8B}.Release|Any CPU.Build.0 = Release|Any CPU
	EndGlobalSection
	GlobalSection(SolutionProperties) = preSolution
		HideSolutionNode = FALSE
	EndGlobalSection
	GlobalSection(ExtensibilityGlobals) = postSolution
		SolutionGuid = {2756646C-18DA-4BDB-9C55-FD7CCD2EB607}
	EndGlobalSection
EndGlobal
